
Microsoft Visual Studio Solution File, Format Version 11.00
# Visual Studio 2010
Project("{FAE04EC0-301F-11D3-BF4B-00C04F79EFBC}") = "AssemblyHelperConsoleApplication", "Console\AssemblyHelperConsoleApplication\AssemblyHelperConsoleApplication.csproj", "{E799B704-D881-4A81-B7DB-72E20209882F}"
EndProject
Project("{FAE04EC0-301F-11D3-BF4B-00C04F79EFBC}") = "CharIntCompatibilityCSharp", "Console\CharIntCompatibility\CharIntCompatibilityCSharp\CharIntCompatibilityCSharp.csproj", "{45279BAF-5FAE-400B-8C51-DA673FCF4F45}"
EndProject
Project("{FAE04EC0-301F-11D3-BF4B-00C04F79EFBC}") = "CharIsInSetConsoleApplication", "Console\CharIsInSet\CharIsInSetConsoleApplication\CharIsInSetConsoleApplication.csproj", "{69BB0024-D4F5-4EA8-B30A-E6FD9FEA461B}"
EndProject
Project("{FAE04EC0-301F-11D3-BF4B-00C04F79EFBC}") = "CreateTemporaryRandomDirectory", "Console\CreateTemporaryRandomDirectory\CreateTemporaryRandomDirectory.csproj", "{CEED648B-A043-437D-A253-5DC27E225BBA}"
EndProject
Project("{FAE04EC0-301F-11D3-BF4B-00C04F79EFBC}") = "DotNetStat", "Console\DotNetStat\DotNetStat.csproj", "{F1D091CC-A09D-41F3-82D2-54478BF768A3}"
EndProject
Project("{FAE04EC0-301F-11D3-BF4B-00C04F79EFBC}") = "FASTLogToXml", "Console\FASTLogToXml\FASTLogToXml.csproj", "{4E345595-8FA6-4AF0-AD6D-1BA942710E4E}"
EndProject
Project("{FAE04EC0-301F-11D3-BF4B-00C04F79EFBC}") = "IGroupingConsoleApplication", "Console\IGroupingConsoleApplication\IGroupingConsoleApplication.csproj", "{2415923F-6962-4B4E-B007-F71FE307A6E3}"
EndProject
Project("{FAE04EC0-301F-11D3-BF4B-00C04F79EFBC}") = "ReplaceDelimiterConsoleApplication", "Console\ReplaceDelimiterConsoleApplication\ReplaceDelimiterConsoleApplication.csproj", "{EF786277-8655-40AD-B992-DFC8986E6E73}"
EndProject
Project("{FAE04EC0-301F-11D3-BF4B-00C04F79EFBC}") = "ShowPhysicalDeviceNames", "Console\ShowPhysicalDeviceNames\ShowPhysicalDeviceNames.csproj", "{348DAA48-880A-4DFA-8934-03C51E2E79CC}"
EndProject
Project("{FAE04EC0-301F-11D3-BF4B-00C04F79EFBC}") = "SqlConnectionStringBuilderKeysConsoleApplication", "Console\SqlConnectionStringBuilderKeysConsoleApplication\SqlConnectionStringBuilderKeysConsoleApplication.csproj", "{6A8E4016-E809-4BBF-9DA6-43604ACAD6ED}"
EndProject
Project("{FAE04EC0-301F-11D3-BF4B-00C04F79EFBC}") = "StringToAsciiConsoleApplication", "Console\StringToAsciiConsoleApplication\StringToAsciiConsoleApplication.csproj", "{15FFC96E-F2E2-44FF-9B17-846CE0DED794}"
EndProject
Project("{FAE04EC0-301F-11D3-BF4B-00C04F79EFBC}") = "LineCount", "Console\TextProcessing\LineCount\LineCount.csproj", "{36E71688-E11C-4614-BD45-B80D458CDD39}"
EndProject
Project("{FAE04EC0-301F-11D3-BF4B-00C04F79EFBC}") = "LineSplit", "Console\TextProcessing\LineSplit\LineSplit.csproj", "{35821749-FA0A-4022-A27E-2EFBE4E3ADF0}"
EndProject
Project("{FAE04EC0-301F-11D3-BF4B-00C04F79EFBC}") = "UNCInfo", "Console\UNCInfo\UNCInfo.csproj", "{C960DC55-AD00-49D6-A99E-5B7F66393645}"
EndProject
Project("{FAE04EC0-301F-11D3-BF4B-00C04F79EFBC}") = "WordPressGenerateCategoriesHtmlConsoleApplication", "Console\WordPressGenerateCategoriesHtmlConsoleApplication\WordPressGenerateCategoriesHtmlConsoleApplication.csproj", "{0EA68FA9-AB2C-4EC5-84B6-DF25B1BA2ED6}"
EndProject
Project("{2150E333-8FDC-42A3-9474-1A3956D46DE8}") = "Console", "Console", "{F9699EB2-2AE6-4709-8344-031E433C570D}"
EndProject
Project("{2150E333-8FDC-42A3-9474-1A3956D46DE8}") = "TextProcessing", "TextProcessing", "{AF54585C-7012-4D04-8456-3AE4152824AB}"
EndProject
Project("{FAE04EC0-301F-11D3-BF4B-00C04F79EFBC}") = "BeSharp", "..\Library\BeSharp\BeSharp.csproj", "{10932C2A-C57F-4CE0-BFC2-4CBB64C8F987}"
EndProject
Project("{2150E333-8FDC-42A3-9474-1A3956D46DE8}") = "Library", "Library", "{D495C3AF-87CF-4B47-B9A8-3B0054EEA564}"
EndProject
Project("{FAE04EC0-301F-11D3-BF4B-00C04F79EFBC}") = "BeSharp.Configuration", "..\Library\BeSharp.Configuration\BeSharp.Configuration.csproj", "{CCAA90E2-CCB9-497D-B619-6C273AB015FD}"
EndProject
Project("{FAE04EC0-301F-11D3-BF4B-00C04F79EFBC}") = "BeSharp.Core", "..\Library\BeSharp.Core\BeSharp.Core.csproj", "{F4AB8BD4-5BC9-4FEE-A578-2E6A8C5CD0E9}"
EndProject
Project("{FAE04EC0-301F-11D3-BF4B-00C04F79EFBC}") = "BeSharp.IO", "..\Library\BeSharp.IO\BeSharp.IO.csproj", "{E016BB55-B474-41C8-8EC6-0D0F28CE4F88}"
EndProject
Project("{FAE04EC0-301F-11D3-BF4B-00C04F79EFBC}") = "BeSharp.Linq", "..\Library\BeSharp.Linq\BeSharp.Linq.csproj", "{5E7E41D2-C7D2-4AA3-9EBC-BA9D764514A4}"
EndProject
Project("{FAE04EC0-301F-11D3-BF4B-00C04F79EFBC}") = "BeSharp.Net", "..\Library\BeSharp.Net\BeSharp.Net.csproj", "{10404ECA-C127-4887-AE59-A01484DB2A09}"
EndProject
Project("{FAE04EC0-301F-11D3-BF4B-00C04F79EFBC}") = "BeSharp.NumberVerification", "..\Library\BeSharp.NumberVerification\BeSharp.NumberVerification.csproj", "{381C79C9-E911-438A-BB98-50C37494756B}"
EndProject
Project("{FAE04EC0-301F-11D3-BF4B-00C04F79EFBC}") = "BeSharp.Numerics", "..\Library\BeSharp.Numerics\BeSharp.Numerics.csproj", "{C1753644-73EF-4597-B9CE-CA152374E8BB}"
EndProject
Project("{FAE04EC0-301F-11D3-BF4B-00C04F79EFBC}") = "BeSharp.Win32", "..\Library\BeSharp.Win32\BeSharp.Win32.csproj", "{15D87068-0025-46E7-A1FE-981225D02054}"
EndProject
Project("{FAE04EC0-301F-11D3-BF4B-00C04F79EFBC}") = "BeSharp.Windows.Forms", "..\Library\BeSharp.Windows.Forms\BeSharp.Windows.Forms.csproj", "{0527903D-36B4-46D3-A99F-2D3B48D4939F}"
EndProject
Project("{FAE04EC0-301F-11D3-BF4B-00C04F79EFBC}") = "BeSharp.Windows.Forms.DataVisualization", "..\Library\BeSharp.Windows.Forms.DataVisualization\BeSharp.Windows.Forms.DataVisualization.csproj", "{DE86C769-F09E-49C4-A61C-F9D93B262B29}"
EndProject
Global
	GlobalSection(TeamFoundationVersionControl) = preSolution
		SccNumberOfProjects = 24
		SccEnterpriseProvider = {4CA58AB2-18FA-4F8D-95D4-32DDF27D184C}
		SccTeamFoundationServer = https://tfs.codeplex.com/tfs/tfs02
		SccProjectUniqueName0 = Console\\AssemblyHelperConsoleApplication\\AssemblyHelperConsoleApplication.csproj
		SccProjectTopLevelParentUniqueName0 = Applications.sln
		SccProjectName0 = Console/AssemblyHelperConsoleApplication
		SccAuxPath0 = https://tfs.codeplex.com/tfs/tfs02
		SccLocalPath0 = Console\\AssemblyHelperConsoleApplication
		SccProvider0 = {4CA58AB2-18FA-4F8D-95D4-32DDF27D184C}
		SccProjectUniqueName1 = Console\\CharIntCompatibility\\CharIntCompatibilityCSharp\\CharIntCompatibilityCSharp.csproj
		SccProjectTopLevelParentUniqueName1 = Applications.sln
		SccProjectName1 = Console/CharIntCompatibility/CharIntCompatibilityCSharp
		SccAuxPath1 = https://tfs.codeplex.com/tfs/tfs02
		SccLocalPath1 = Console\\CharIntCompatibility\\CharIntCompatibilityCSharp
		SccProvider1 = {4CA58AB2-18FA-4F8D-95D4-32DDF27D184C}
		SccProjectUniqueName2 = Console\\CharIsInSet\\CharIsInSetConsoleApplication\\CharIsInSetConsoleApplication.csproj
		SccProjectTopLevelParentUniqueName2 = Applications.sln
		SccProjectName2 = Console/CharIsInSet/CharIsInSetConsoleApplication
		SccAuxPath2 = https://tfs.codeplex.com/tfs/tfs02
		SccLocalPath2 = Console\\CharIsInSet\\CharIsInSetConsoleApplication
		SccProvider2 = {4CA58AB2-18FA-4F8D-95D4-32DDF27D184C}
		SccProjectUniqueName3 = Console\\CreateTemporaryRandomDirectory\\CreateTemporaryRandomDirectory.csproj
		SccProjectTopLevelParentUniqueName3 = Applications.sln
		SccProjectName3 = Console/CreateTemporaryRandomDirectory
		SccAuxPath3 = https://tfs.codeplex.com/tfs/tfs02
		SccLocalPath3 = Console\\CreateTemporaryRandomDirectory
		SccProvider3 = {4CA58AB2-18FA-4F8D-95D4-32DDF27D184C}
		SccProjectUniqueName4 = Console\\DotNetStat\\DotNetStat.csproj
		SccProjectTopLevelParentUniqueName4 = Applications.sln
		SccProjectName4 = Console/DotNetStat
		SccAuxPath4 = https://tfs.codeplex.com/tfs/tfs02
		SccLocalPath4 = Console\\DotNetStat
		SccProvider4 = {4CA58AB2-18FA-4F8D-95D4-32DDF27D184C}
		SccProjectUniqueName5 = Console\\FASTLogToXml\\FASTLogToXml.csproj
		SccProjectTopLevelParentUniqueName5 = Applications.sln
		SccProjectName5 = Console/FASTLogToXml
		SccAuxPath5 = https://tfs.codeplex.com/tfs/tfs02
		SccLocalPath5 = Console\\FASTLogToXml
		SccProvider5 = {4CA58AB2-18FA-4F8D-95D4-32DDF27D184C}
		SccProjectUniqueName6 = Console\\ReplaceDelimiterConsoleApplication\\ReplaceDelimiterConsoleApplication.csproj
		SccProjectTopLevelParentUniqueName6 = Applications.sln
		SccProjectName6 = Console/ReplaceDelimiterConsoleApplication
		SccAuxPath6 = https://tfs.codeplex.com/tfs/tfs02
		SccLocalPath6 = Console\\ReplaceDelimiterConsoleApplication
		SccProvider6 = {4CA58AB2-18FA-4F8D-95D4-32DDF27D184C}
		SccProjectUniqueName7 = Console\\ShowPhysicalDeviceNames\\ShowPhysicalDeviceNames.csproj
		SccProjectTopLevelParentUniqueName7 = Applications.sln
		SccProjectName7 = Console/ShowPhysicalDeviceNames
		SccAuxPath7 = https://tfs.codeplex.com/tfs/tfs02
		SccLocalPath7 = Console\\ShowPhysicalDeviceNames
		SccProvider7 = {4CA58AB2-18FA-4F8D-95D4-32DDF27D184C}
		SccProjectUniqueName8 = Console\\SqlConnectionStringBuilderKeysConsoleApplication\\SqlConnectionStringBuilderKeysConsoleApplication.csproj
		SccProjectTopLevelParentUniqueName8 = Applications.sln
		SccProjectName8 = Console/SqlConnectionStringBuilderKeysConsoleApplication
		SccAuxPath8 = https://tfs.codeplex.com/tfs/tfs02
		SccLocalPath8 = Console\\SqlConnectionStringBuilderKeysConsoleApplication
		SccProvider8 = {4CA58AB2-18FA-4F8D-95D4-32DDF27D184C}
		SccProjectUniqueName9 = Console\\StringToAsciiConsoleApplication\\StringToAsciiConsoleApplication.csproj
		SccProjectTopLevelParentUniqueName9 = Applications.sln
		SccProjectName9 = Console/StringToAsciiConsoleApplication
		SccAuxPath9 = https://tfs.codeplex.com/tfs/tfs02
		SccLocalPath9 = Console\\StringToAsciiConsoleApplication
		SccProvider9 = {4CA58AB2-18FA-4F8D-95D4-32DDF27D184C}
		SccProjectUniqueName10 = Console\\TextProcessing\\LineCount\\LineCount.csproj
		SccProjectTopLevelParentUniqueName10 = Applications.sln
		SccProjectName10 = Console/TextProcessing/LineCount
		SccAuxPath10 = https://tfs.codeplex.com/tfs/tfs02
		SccLocalPath10 = Console\\TextProcessing\\LineCount
		SccProvider10 = {4CA58AB2-18FA-4F8D-95D4-32DDF27D184C}
		SccProjectUniqueName11 = Console\\TextProcessing\\LineSplit\\LineSplit.csproj
		SccProjectTopLevelParentUniqueName11 = Applications.sln
		SccProjectName11 = Console/TextProcessing/LineSplit
		SccAuxPath11 = https://tfs.codeplex.com/tfs/tfs02
		SccLocalPath11 = Console\\TextProcessing\\LineSplit
		SccProvider11 = {4CA58AB2-18FA-4F8D-95D4-32DDF27D184C}
		SccProjectUniqueName12 = Console\\UNCInfo\\UNCInfo.csproj
		SccProjectTopLevelParentUniqueName12 = Applications.sln
		SccProjectName12 = Console/UNCInfo
		SccAuxPath12 = https://tfs.codeplex.com/tfs/tfs02
		SccLocalPath12 = Console\\UNCInfo
		SccProvider12 = {4CA58AB2-18FA-4F8D-95D4-32DDF27D184C}
		SccProjectUniqueName13 = Console\\WordPressGenerateCategoriesHtmlConsoleApplication\\WordPressGenerateCategoriesHtmlConsoleApplication.csproj
		SccProjectTopLevelParentUniqueName13 = Applications.sln
		SccProjectName13 = Console/WordPressGenerateCategoriesHtmlConsoleApplication
		SccAuxPath13 = https://tfs.codeplex.com/tfs/tfs02
		SccLocalPath13 = Console\\WordPressGenerateCategoriesHtmlConsoleApplication
		SccProvider13 = {4CA58AB2-18FA-4F8D-95D4-32DDF27D184C}
		SccProjectUniqueName14 = ..\\Library\\BeSharp\\BeSharp.csproj
		SccProjectTopLevelParentUniqueName14 = Applications.sln
		SccProjectName14 = ../Library/BeSharp
		SccAuxPath14 = https://tfs.codeplex.com/tfs/tfs02
		SccLocalPath14 = ..\\Library\\BeSharp
		SccProvider14 = {4CA58AB2-18FA-4F8D-95D4-32DDF27D184C}
		SccProjectUniqueName15 = ..\\Library\\BeSharp.Core\\BeSharp.Core.csproj
		SccProjectTopLevelParentUniqueName15 = Applications.sln
		SccProjectName15 = ../Library/BeSharp.Core
		SccAuxPath15 = https://tfs.codeplex.com/tfs/tfs02
		SccLocalPath15 = ..\\Library\\BeSharp.Core
		SccProvider15 = {4CA58AB2-18FA-4F8D-95D4-32DDF27D184C}
		SccProjectUniqueName16 = ..\\Library\\BeSharp.IO\\BeSharp.IO.csproj
		SccProjectTopLevelParentUniqueName16 = Applications.sln
		SccProjectName16 = ../Library/BeSharp.IO
		SccAuxPath16 = https://tfs.codeplex.com/tfs/tfs02
		SccLocalPath16 = ..\\Library\\BeSharp.IO
		SccProvider16 = {4CA58AB2-18FA-4F8D-95D4-32DDF27D184C}
		SccProjectUniqueName17 = ..\\Library\\BeSharp.Linq\\BeSharp.Linq.csproj
		SccProjectTopLevelParentUniqueName17 = Applications.sln
		SccProjectName17 = ../Library/BeSharp.Linq
		SccAuxPath17 = https://tfs.codeplex.com/tfs/tfs02
		SccLocalPath17 = ..\\Library\\BeSharp.Linq
		SccProvider17 = {4CA58AB2-18FA-4F8D-95D4-32DDF27D184C}
		SccProjectUniqueName18 = ..\\Library\\BeSharp.Net\\BeSharp.Net.csproj
		SccProjectTopLevelParentUniqueName18 = Applications.sln
		SccProjectName18 = ../Library/BeSharp.Net
		SccAuxPath18 = https://tfs.codeplex.com/tfs/tfs02
		SccLocalPath18 = ..\\Library\\BeSharp.Net
		SccProvider18 = {4CA58AB2-18FA-4F8D-95D4-32DDF27D184C}
		SccProjectUniqueName19 = ..\\Library\\BeSharp.NumberVerification\\BeSharp.NumberVerification.csproj
		SccProjectTopLevelParentUniqueName19 = Applications.sln
		SccProjectName19 = ../Library/BeSharp.NumberVerification
		SccAuxPath19 = https://tfs.codeplex.com/tfs/tfs02
		SccLocalPath19 = ..\\Library\\BeSharp.NumberVerification
		SccProvider19 = {4CA58AB2-18FA-4F8D-95D4-32DDF27D184C}
		SccProjectUniqueName20 = ..\\Library\\BeSharp.Numerics\\BeSharp.Numerics.csproj
		SccProjectTopLevelParentUniqueName20 = Applications.sln
		SccProjectName20 = ../Library/BeSharp.Numerics
		SccAuxPath20 = https://tfs.codeplex.com/tfs/tfs02
		SccLocalPath20 = ..\\Library\\BeSharp.Numerics
		SccProvider20 = {4CA58AB2-18FA-4F8D-95D4-32DDF27D184C}
		SccProjectUniqueName21 = ..\\Library\\BeSharp.Win32\\BeSharp.Win32.csproj
		SccProjectTopLevelParentUniqueName21 = Applications.sln
		SccProjectName21 = ../Library/BeSharp.Win32
		SccAuxPath21 = https://tfs.codeplex.com/tfs/tfs02
		SccLocalPath21 = ..\\Library\\BeSharp.Win32
		SccProvider21 = {4CA58AB2-18FA-4F8D-95D4-32DDF27D184C}
		SccProjectUniqueName22 = ..\\Library\\BeSharp.Windows.Forms\\BeSharp.Windows.Forms.csproj
		SccProjectTopLevelParentUniqueName22 = Applications.sln
		SccProjectName22 = ../Library/BeSharp.Windows.Forms
		SccAuxPath22 = https://tfs.codeplex.com/tfs/tfs02
		SccLocalPath22 = ..\\Library\\BeSharp.Windows.Forms
		SccProvider22 = {4CA58AB2-18FA-4F8D-95D4-32DDF27D184C}
		SccProjectUniqueName23 = ..\\Library\\BeSharp.Windows.Forms.DataVisualization\\BeSharp.Windows.Forms.DataVisualization.csproj
		SccProjectTopLevelParentUniqueName23 = Applications.sln
		SccProjectName23 = ../Library/BeSharp.Windows.Forms.DataVisualization
		SccAuxPath23 = https://tfs.codeplex.com/tfs/tfs02
		SccLocalPath23 = ..\\Library\\BeSharp.Windows.Forms.DataVisualization
		SccProvider23 = {4CA58AB2-18FA-4F8D-95D4-32DDF27D184C}
	EndGlobalSection
	GlobalSection(SolutionConfigurationPlatforms) = preSolution
		Debug|Any CPU = Debug|Any CPU
		Debug|Mixed Platforms = Debug|Mixed Platforms
		Debug|x86 = Debug|x86
		Release|Any CPU = Release|Any CPU
		Release|Mixed Platforms = Release|Mixed Platforms
		Release|x86 = Release|x86
	EndGlobalSection
	GlobalSection(ProjectConfigurationPlatforms) = postSolution
		{E799B704-D881-4A81-B7DB-72E20209882F}.Debug|Any CPU.ActiveCfg = Debug|x86
		{E799B704-D881-4A81-B7DB-72E20209882F}.Debug|Mixed Platforms.ActiveCfg = Debug|x86
		{E799B704-D881-4A81-B7DB-72E20209882F}.Debug|Mixed Platforms.Build.0 = Debug|x86
		{E799B704-D881-4A81-B7DB-72E20209882F}.Debug|x86.ActiveCfg = Debug|x86
		{E799B704-D881-4A81-B7DB-72E20209882F}.Debug|x86.Build.0 = Debug|x86
		{E799B704-D881-4A81-B7DB-72E20209882F}.Release|Any CPU.ActiveCfg = Release|x86
		{E799B704-D881-4A81-B7DB-72E20209882F}.Release|Mixed Platforms.ActiveCfg = Release|x86
		{E799B704-D881-4A81-B7DB-72E20209882F}.Release|Mixed Platforms.Build.0 = Release|x86
		{E799B704-D881-4A81-B7DB-72E20209882F}.Release|x86.ActiveCfg = Release|x86
		{E799B704-D881-4A81-B7DB-72E20209882F}.Release|x86.Build.0 = Release|x86
		{45279BAF-5FAE-400B-8C51-DA673FCF4F45}.Debug|Any CPU.ActiveCfg = Debug|x86
		{45279BAF-5FAE-400B-8C51-DA673FCF4F45}.Debug|Mixed Platforms.ActiveCfg = Debug|x86
		{45279BAF-5FAE-400B-8C51-DA673FCF4F45}.Debug|Mixed Platforms.Build.0 = Debug|x86
		{45279BAF-5FAE-400B-8C51-DA673FCF4F45}.Debug|x86.ActiveCfg = Debug|x86
		{45279BAF-5FAE-400B-8C51-DA673FCF4F45}.Debug|x86.Build.0 = Debug|x86
		{45279BAF-5FAE-400B-8C51-DA673FCF4F45}.Release|Any CPU.ActiveCfg = Release|x86
		{45279BAF-5FAE-400B-8C51-DA673FCF4F45}.Release|Mixed Platforms.ActiveCfg = Release|x86
		{45279BAF-5FAE-400B-8C51-DA673FCF4F45}.Release|Mixed Platforms.Build.0 = Release|x86
		{45279BAF-5FAE-400B-8C51-DA673FCF4F45}.Release|x86.ActiveCfg = Release|x86
		{45279BAF-5FAE-400B-8C51-DA673FCF4F45}.Release|x86.Build.0 = Release|x86
		{69BB0024-D4F5-4EA8-B30A-E6FD9FEA461B}.Debug|Any CPU.ActiveCfg = Debug|x86
		{69BB0024-D4F5-4EA8-B30A-E6FD9FEA461B}.Debug|Mixed Platforms.ActiveCfg = Debug|x86
		{69BB0024-D4F5-4EA8-B30A-E6FD9FEA461B}.Debug|Mixed Platforms.Build.0 = Debug|x86
		{69BB0024-D4F5-4EA8-B30A-E6FD9FEA461B}.Debug|x86.ActiveCfg = Debug|x86
		{69BB0024-D4F5-4EA8-B30A-E6FD9FEA461B}.Debug|x86.Build.0 = Debug|x86
		{69BB0024-D4F5-4EA8-B30A-E6FD9FEA461B}.Release|Any CPU.ActiveCfg = Release|x86
		{69BB0024-D4F5-4EA8-B30A-E6FD9FEA461B}.Release|Mixed Platforms.ActiveCfg = Release|x86
		{69BB0024-D4F5-4EA8-B30A-E6FD9FEA461B}.Release|Mixed Platforms.Build.0 = Release|x86
		{69BB0024-D4F5-4EA8-B30A-E6FD9FEA461B}.Release|x86.ActiveCfg = Release|x86
		{69BB0024-D4F5-4EA8-B30A-E6FD9FEA461B}.Release|x86.Build.0 = Release|x86
		{CEED648B-A043-437D-A253-5DC27E225BBA}.Debug|Any CPU.ActiveCfg = Debug|x86
		{CEED648B-A043-437D-A253-5DC27E225BBA}.Debug|Mixed Platforms.ActiveCfg = Debug|x86
		{CEED648B-A043-437D-A253-5DC27E225BBA}.Debug|Mixed Platforms.Build.0 = Debug|x86
		{CEED648B-A043-437D-A253-5DC27E225BBA}.Debug|x86.ActiveCfg = Debug|x86
		{CEED648B-A043-437D-A253-5DC27E225BBA}.Debug|x86.Build.0 = Debug|x86
		{CEED648B-A043-437D-A253-5DC27E225BBA}.Release|Any CPU.ActiveCfg = Release|x86
		{CEED648B-A043-437D-A253-5DC27E225BBA}.Release|Mixed Platforms.ActiveCfg = Release|x86
		{CEED648B-A043-437D-A253-5DC27E225BBA}.Release|Mixed Platforms.Build.0 = Release|x86
		{CEED648B-A043-437D-A253-5DC27E225BBA}.Release|x86.ActiveCfg = Release|x86
		{CEED648B-A043-437D-A253-5DC27E225BBA}.Release|x86.Build.0 = Release|x86
		{F1D091CC-A09D-41F3-82D2-54478BF768A3}.Debug|Any CPU.ActiveCfg = Debug|x86
		{F1D091CC-A09D-41F3-82D2-54478BF768A3}.Debug|Mixed Platforms.ActiveCfg = Debug|x86
		{F1D091CC-A09D-41F3-82D2-54478BF768A3}.Debug|Mixed Platforms.Build.0 = Debug|x86
		{F1D091CC-A09D-41F3-82D2-54478BF768A3}.Debug|x86.ActiveCfg = Debug|x86
		{F1D091CC-A09D-41F3-82D2-54478BF768A3}.Debug|x86.Build.0 = Debug|x86
		{F1D091CC-A09D-41F3-82D2-54478BF768A3}.Release|Any CPU.ActiveCfg = Release|x86
		{F1D091CC-A09D-41F3-82D2-54478BF768A3}.Release|Mixed Platforms.ActiveCfg = Release|x86
		{F1D091CC-A09D-41F3-82D2-54478BF768A3}.Release|Mixed Platforms.Build.0 = Release|x86
		{F1D091CC-A09D-41F3-82D2-54478BF768A3}.Release|x86.ActiveCfg = Release|x86
		{F1D091CC-A09D-41F3-82D2-54478BF768A3}.Release|x86.Build.0 = Release|x86
		{4E345595-8FA6-4AF0-AD6D-1BA942710E4E}.Debug|Any CPU.ActiveCfg = Debug|x86
		{4E345595-8FA6-4AF0-AD6D-1BA942710E4E}.Debug|Mixed Platforms.ActiveCfg = Debug|x86
		{4E345595-8FA6-4AF0-AD6D-1BA942710E4E}.Debug|Mixed Platforms.Build.0 = Debug|x86
		{4E345595-8FA6-4AF0-AD6D-1BA942710E4E}.Debug|x86.ActiveCfg = Debug|x86
		{4E345595-8FA6-4AF0-AD6D-1BA942710E4E}.Debug|x86.Build.0 = Debug|x86
		{4E345595-8FA6-4AF0-AD6D-1BA942710E4E}.Release|Any CPU.ActiveCfg = Release|x86
		{4E345595-8FA6-4AF0-AD6D-1BA942710E4E}.Release|Mixed Platforms.ActiveCfg = Release|x86
		{4E345595-8FA6-4AF0-AD6D-1BA942710E4E}.Release|Mixed Platforms.Build.0 = Release|x86
		{4E345595-8FA6-4AF0-AD6D-1BA942710E4E}.Release|x86.ActiveCfg = Release|x86
		{4E345595-8FA6-4AF0-AD6D-1BA942710E4E}.Release|x86.Build.0 = Release|x86
		{2415923F-6962-4B4E-B007-F71FE307A6E3}.Debug|Any CPU.ActiveCfg = Debug|x86
		{2415923F-6962-4B4E-B007-F71FE307A6E3}.Debug|Mixed Platforms.ActiveCfg = Debug|x86
		{2415923F-6962-4B4E-B007-F71FE307A6E3}.Debug|Mixed Platforms.Build.0 = Debug|x86
		{2415923F-6962-4B4E-B007-F71FE307A6E3}.Debug|x86.ActiveCfg = Debug|x86
		{2415923F-6962-4B4E-B007-F71FE307A6E3}.Debug|x86.Build.0 = Debug|x86
		{2415923F-6962-4B4E-B007-F71FE307A6E3}.Release|Any CPU.ActiveCfg = Release|x86
		{2415923F-6962-4B4E-B007-F71FE307A6E3}.Release|Mixed Platforms.ActiveCfg = Release|x86
		{2415923F-6962-4B4E-B007-F71FE307A6E3}.Release|Mixed Platforms.Build.0 = Release|x86
		{2415923F-6962-4B4E-B007-F71FE307A6E3}.Release|x86.ActiveCfg = Release|x86
		{2415923F-6962-4B4E-B007-F71FE307A6E3}.Release|x86.Build.0 = Release|x86
		{EF786277-8655-40AD-B992-DFC8986E6E73}.Debug|Any CPU.ActiveCfg = Debug|x86
		{EF786277-8655-40AD-B992-DFC8986E6E73}.Debug|Mixed Platforms.ActiveCfg = Debug|x86
		{EF786277-8655-40AD-B992-DFC8986E6E73}.Debug|Mixed Platforms.Build.0 = Debug|x86
		{EF786277-8655-40AD-B992-DFC8986E6E73}.Debug|x86.ActiveCfg = Debug|x86
		{EF786277-8655-40AD-B992-DFC8986E6E73}.Debug|x86.Build.0 = Debug|x86
		{EF786277-8655-40AD-B992-DFC8986E6E73}.Release|Any CPU.ActiveCfg = Release|x86
		{EF786277-8655-40AD-B992-DFC8986E6E73}.Release|Mixed Platforms.ActiveCfg = Release|x86
		{EF786277-8655-40AD-B992-DFC8986E6E73}.Release|Mixed Platforms.Build.0 = Release|x86
		{EF786277-8655-40AD-B992-DFC8986E6E73}.Release|x86.ActiveCfg = Release|x86
		{EF786277-8655-40AD-B992-DFC8986E6E73}.Release|x86.Build.0 = Release|x86
		{348DAA48-880A-4DFA-8934-03C51E2E79CC}.Debug|Any CPU.ActiveCfg = Debug|x86
		{348DAA48-880A-4DFA-8934-03C51E2E79CC}.Debug|Mixed Platforms.ActiveCfg = Debug|x86
		{348DAA48-880A-4DFA-8934-03C51E2E79CC}.Debug|Mixed Platforms.Build.0 = Debug|x86
		{348DAA48-880A-4DFA-8934-03C51E2E79CC}.Debug|x86.ActiveCfg = Debug|x86
		{348DAA48-880A-4DFA-8934-03C51E2E79CC}.Debug|x86.Build.0 = Debug|x86
		{348DAA48-880A-4DFA-8934-03C51E2E79CC}.Release|Any CPU.ActiveCfg = Release|x86
		{348DAA48-880A-4DFA-8934-03C51E2E79CC}.Release|Mixed Platforms.ActiveCfg = Release|x86
		{348DAA48-880A-4DFA-8934-03C51E2E79CC}.Release|Mixed Platforms.Build.0 = Release|x86
		{348DAA48-880A-4DFA-8934-03C51E2E79CC}.Release|x86.ActiveCfg = Release|x86
		{348DAA48-880A-4DFA-8934-03C51E2E79CC}.Release|x86.Build.0 = Release|x86
		{6A8E4016-E809-4BBF-9DA6-43604ACAD6ED}.Debug|Any CPU.ActiveCfg = Debug|x86
		{6A8E4016-E809-4BBF-9DA6-43604ACAD6ED}.Debug|Mixed Platforms.ActiveCfg = Debug|x86
		{6A8E4016-E809-4BBF-9DA6-43604ACAD6ED}.Debug|Mixed Platforms.Build.0 = Debug|x86
		{6A8E4016-E809-4BBF-9DA6-43604ACAD6ED}.Debug|x86.ActiveCfg = Debug|x86
		{6A8E4016-E809-4BBF-9DA6-43604ACAD6ED}.Debug|x86.Build.0 = Debug|x86
		{6A8E4016-E809-4BBF-9DA6-43604ACAD6ED}.Release|Any CPU.ActiveCfg = Release|x86
		{6A8E4016-E809-4BBF-9DA6-43604ACAD6ED}.Release|Mixed Platforms.ActiveCfg = Release|x86
		{6A8E4016-E809-4BBF-9DA6-43604ACAD6ED}.Release|Mixed Platforms.Build.0 = Release|x86
		{6A8E4016-E809-4BBF-9DA6-43604ACAD6ED}.Release|x86.ActiveCfg = Release|x86
		{6A8E4016-E809-4BBF-9DA6-43604ACAD6ED}.Release|x86.Build.0 = Release|x86
		{15FFC96E-F2E2-44FF-9B17-846CE0DED794}.Debug|Any CPU.ActiveCfg = Debug|x86
		{15FFC96E-F2E2-44FF-9B17-846CE0DED794}.Debug|Mixed Platforms.ActiveCfg = Debug|x86
		{15FFC96E-F2E2-44FF-9B17-846CE0DED794}.Debug|Mixed Platforms.Build.0 = Debug|x86
		{15FFC96E-F2E2-44FF-9B17-846CE0DED794}.Debug|x86.ActiveCfg = Debug|x86
		{15FFC96E-F2E2-44FF-9B17-846CE0DED794}.Debug|x86.Build.0 = Debug|x86
		{15FFC96E-F2E2-44FF-9B17-846CE0DED794}.Release|Any CPU.ActiveCfg = Release|x86
		{15FFC96E-F2E2-44FF-9B17-846CE0DED794}.Release|Mixed Platforms.ActiveCfg = Release|x86
		{15FFC96E-F2E2-44FF-9B17-846CE0DED794}.Release|Mixed Platforms.Build.0 = Release|x86
		{15FFC96E-F2E2-44FF-9B17-846CE0DED794}.Release|x86.ActiveCfg = Release|x86
		{15FFC96E-F2E2-44FF-9B17-846CE0DED794}.Release|x86.Build.0 = Release|x86
		{36E71688-E11C-4614-BD45-B80D458CDD39}.Debug|Any CPU.ActiveCfg = Debug|x86
		{36E71688-E11C-4614-BD45-B80D458CDD39}.Debug|Mixed Platforms.ActiveCfg = Debug|x86
		{36E71688-E11C-4614-BD45-B80D458CDD39}.Debug|Mixed Platforms.Build.0 = Debug|x86
		{36E71688-E11C-4614-BD45-B80D458CDD39}.Debug|x86.ActiveCfg = Debug|x86
		{36E71688-E11C-4614-BD45-B80D458CDD39}.Debug|x86.Build.0 = Debug|x86
		{36E71688-E11C-4614-BD45-B80D458CDD39}.Release|Any CPU.ActiveCfg = Release|x86
		{36E71688-E11C-4614-BD45-B80D458CDD39}.Release|Mixed Platforms.ActiveCfg = Release|x86
		{36E71688-E11C-4614-BD45-B80D458CDD39}.Release|Mixed Platforms.Build.0 = Release|x86
		{36E71688-E11C-4614-BD45-B80D458CDD39}.Release|x86.ActiveCfg = Release|x86
		{36E71688-E11C-4614-BD45-B80D458CDD39}.Release|x86.Build.0 = Release|x86
		{35821749-FA0A-4022-A27E-2EFBE4E3ADF0}.Debug|Any CPU.ActiveCfg = Debug|x86
		{35821749-FA0A-4022-A27E-2EFBE4E3ADF0}.Debug|Mixed Platforms.ActiveCfg = Debug|x86
		{35821749-FA0A-4022-A27E-2EFBE4E3ADF0}.Debug|Mixed Platforms.Build.0 = Debug|x86
		{35821749-FA0A-4022-A27E-2EFBE4E3ADF0}.Debug|x86.ActiveCfg = Debug|x86
		{35821749-FA0A-4022-A27E-2EFBE4E3ADF0}.Debug|x86.Build.0 = Debug|x86
		{35821749-FA0A-4022-A27E-2EFBE4E3ADF0}.Release|Any CPU.ActiveCfg = Release|x86
		{35821749-FA0A-4022-A27E-2EFBE4E3ADF0}.Release|Mixed Platforms.ActiveCfg = Release|x86
		{35821749-FA0A-4022-A27E-2EFBE4E3ADF0}.Release|Mixed Platforms.Build.0 = Release|x86
		{35821749-FA0A-4022-A27E-2EFBE4E3ADF0}.Release|x86.ActiveCfg = Release|x86
		{35821749-FA0A-4022-A27E-2EFBE4E3ADF0}.Release|x86.Build.0 = Release|x86
		{C960DC55-AD00-49D6-A99E-5B7F66393645}.Debug|Any CPU.ActiveCfg = Debug|x86
		{C960DC55-AD00-49D6-A99E-5B7F66393645}.Debug|Mixed Platforms.ActiveCfg = Debug|x86
		{C960DC55-AD00-49D6-A99E-5B7F66393645}.Debug|Mixed Platforms.Build.0 = Debug|x86
		{C960DC55-AD00-49D6-A99E-5B7F66393645}.Debug|x86.ActiveCfg = Debug|x86
		{C960DC55-AD00-49D6-A99E-5B7F66393645}.Debug|x86.Build.0 = Debug|x86
		{C960DC55-AD00-49D6-A99E-5B7F66393645}.Release|Any CPU.ActiveCfg = Release|x86
		{C960DC55-AD00-49D6-A99E-5B7F66393645}.Release|Mixed Platforms.ActiveCfg = Release|x86
		{C960DC55-AD00-49D6-A99E-5B7F66393645}.Release|Mixed Platforms.Build.0 = Release|x86
		{C960DC55-AD00-49D6-A99E-5B7F66393645}.Release|x86.ActiveCfg = Release|x86
		{C960DC55-AD00-49D6-A99E-5B7F66393645}.Release|x86.Build.0 = Release|x86
		{0EA68FA9-AB2C-4EC5-84B6-DF25B1BA2ED6}.Debug|Any CPU.ActiveCfg = Debug|x86
		{0EA68FA9-AB2C-4EC5-84B6-DF25B1BA2ED6}.Debug|Mixed Platforms.ActiveCfg = Debug|x86
		{0EA68FA9-AB2C-4EC5-84B6-DF25B1BA2ED6}.Debug|Mixed Platforms.Build.0 = Debug|x86
		{0EA68FA9-AB2C-4EC5-84B6-DF25B1BA2ED6}.Debug|x86.ActiveCfg = Debug|x86
		{0EA68FA9-AB2C-4EC5-84B6-DF25B1BA2ED6}.Debug|x86.Build.0 = Debug|x86
		{0EA68FA9-AB2C-4EC5-84B6-DF25B1BA2ED6}.Release|Any CPU.ActiveCfg = Release|x86
		{0EA68FA9-AB2C-4EC5-84B6-DF25B1BA2ED6}.Release|Mixed Platforms.ActiveCfg = Release|x86
		{0EA68FA9-AB2C-4EC5-84B6-DF25B1BA2ED6}.Release|Mixed Platforms.Build.0 = Release|x86
		{0EA68FA9-AB2C-4EC5-84B6-DF25B1BA2ED6}.Release|x86.ActiveCfg = Release|x86
		{0EA68FA9-AB2C-4EC5-84B6-DF25B1BA2ED6}.Release|x86.Build.0 = Release|x86
		{10932C2A-C57F-4CE0-BFC2-4CBB64C8F987}.Debug|Any CPU.ActiveCfg = Debug|Any CPU
		{10932C2A-C57F-4CE0-BFC2-4CBB64C8F987}.Debug|Any CPU.Build.0 = Debug|Any CPU
		{10932C2A-C57F-4CE0-BFC2-4CBB64C8F987}.Debug|Mixed Platforms.ActiveCfg = Debug|Any CPU
		{10932C2A-C57F-4CE0-BFC2-4CBB64C8F987}.Debug|Mixed Platforms.Build.0 = Debug|Any CPU
		{10932C2A-C57F-4CE0-BFC2-4CBB64C8F987}.Debug|x86.ActiveCfg = Debug|Any CPU
		{10932C2A-C57F-4CE0-BFC2-4CBB64C8F987}.Release|Any CPU.ActiveCfg = Release|Any CPU
		{10932C2A-C57F-4CE0-BFC2-4CBB64C8F987}.Release|Any CPU.Build.0 = Release|Any CPU
		{10932C2A-C57F-4CE0-BFC2-4CBB64C8F987}.Release|Mixed Platforms.ActiveCfg = Release|Any CPU
		{10932C2A-C57F-4CE0-BFC2-4CBB64C8F987}.Release|Mixed Platforms.Build.0 = Release|Any CPU
		{10932C2A-C57F-4CE0-BFC2-4CBB64C8F987}.Release|x86.ActiveCfg = Release|Any CPU
		{CCAA90E2-CCB9-497D-B619-6C273AB015FD}.Debug|Any CPU.ActiveCfg = Debug|Any CPU
		{CCAA90E2-CCB9-497D-B619-6C273AB015FD}.Debug|Any CPU.Build.0 = Debug|Any CPU
		{CCAA90E2-CCB9-497D-B619-6C273AB015FD}.Debug|Mixed Platforms.ActiveCfg = Debug|Any CPU
		{CCAA90E2-CCB9-497D-B619-6C273AB015FD}.Debug|Mixed Platforms.Build.0 = Debug|Any CPU
		{CCAA90E2-CCB9-497D-B619-6C273AB015FD}.Debug|x86.ActiveCfg = Debug|Any CPU
		{CCAA90E2-CCB9-497D-B619-6C273AB015FD}.Release|Any CPU.ActiveCfg = Release|Any CPU
		{CCAA90E2-CCB9-497D-B619-6C273AB015FD}.Release|Any CPU.Build.0 = Release|Any CPU
		{CCAA90E2-CCB9-497D-B619-6C273AB015FD}.Release|Mixed Platforms.ActiveCfg = Release|Any CPU
		{CCAA90E2-CCB9-497D-B619-6C273AB015FD}.Release|Mixed Platforms.Build.0 = Release|Any CPU
		{CCAA90E2-CCB9-497D-B619-6C273AB015FD}.Release|x86.ActiveCfg = Release|Any CPU
		{F4AB8BD4-5BC9-4FEE-A578-2E6A8C5CD0E9}.Debug|Any CPU.ActiveCfg = Debug|Any CPU
		{F4AB8BD4-5BC9-4FEE-A578-2E6A8C5CD0E9}.Debug|Any CPU.Build.0 = Debug|Any CPU
		{F4AB8BD4-5BC9-4FEE-A578-2E6A8C5CD0E9}.Debug|Mixed Platforms.ActiveCfg = Debug|Any CPU
		{F4AB8BD4-5BC9-4FEE-A578-2E6A8C5CD0E9}.Debug|Mixed Platforms.Build.0 = Debug|Any CPU
		{F4AB8BD4-5BC9-4FEE-A578-2E6A8C5CD0E9}.Debug|x86.ActiveCfg = Debug|Any CPU
		{F4AB8BD4-5BC9-4FEE-A578-2E6A8C5CD0E9}.Release|Any CPU.ActiveCfg = Release|Any CPU
		{F4AB8BD4-5BC9-4FEE-A578-2E6A8C5CD0E9}.Release|Any CPU.Build.0 = Release|Any CPU
		{F4AB8BD4-5BC9-4FEE-A578-2E6A8C5CD0E9}.Release|Mixed Platforms.ActiveCfg = Release|Any CPU
		{F4AB8BD4-5BC9-4FEE-A578-2E6A8C5CD0E9}.Release|Mixed Platforms.Build.0 = Release|Any CPU
		{F4AB8BD4-5BC9-4FEE-A578-2E6A8C5CD0E9}.Release|x86.ActiveCfg = Release|Any CPU
		{E016BB55-B474-41C8-8EC6-0D0F28CE4F88}.Debug|Any CPU.ActiveCfg = Debug|Any CPU
		{E016BB55-B474-41C8-8EC6-0D0F28CE4F88}.Debug|Any CPU.Build.0 = Debug|Any CPU
		{E016BB55-B474-41C8-8EC6-0D0F28CE4F88}.Debug|Mixed Platforms.ActiveCfg = Debug|Any CPU
		{E016BB55-B474-41C8-8EC6-0D0F28CE4F88}.Debug|Mixed Platforms.Build.0 = Debug|Any CPU
		{E016BB55-B474-41C8-8EC6-0D0F28CE4F88}.Debug|x86.ActiveCfg = Debug|Any CPU
		{E016BB55-B474-41C8-8EC6-0D0F28CE4F88}.Release|Any CPU.ActiveCfg = Release|Any CPU
		{E016BB55-B474-41C8-8EC6-0D0F28CE4F88}.Release|Any CPU.Build.0 = Release|Any CPU
		{E016BB55-B474-41C8-8EC6-0D0F28CE4F88}.Release|Mixed Platforms.ActiveCfg = Release|Any CPU
		{E016BB55-B474-41C8-8EC6-0D0F28CE4F88}.Release|Mixed Platforms.Build.0 = Release|Any CPU
		{E016BB55-B474-41C8-8EC6-0D0F28CE4F88}.Release|x86.ActiveCfg = Release|Any CPU
		{5E7E41D2-C7D2-4AA3-9EBC-BA9D764514A4}.Debug|Any CPU.ActiveCfg = Debug|Any CPU
		{5E7E41D2-C7D2-4AA3-9EBC-BA9D764514A4}.Debug|Any CPU.Build.0 = Debug|Any CPU
		{5E7E41D2-C7D2-4AA3-9EBC-BA9D764514A4}.Debug|Mixed Platforms.ActiveCfg = Debug|Any CPU
		{5E7E41D2-C7D2-4AA3-9EBC-BA9D764514A4}.Debug|Mixed Platforms.Build.0 = Debug|Any CPU
		{5E7E41D2-C7D2-4AA3-9EBC-BA9D764514A4}.Debug|x86.ActiveCfg = Debug|Any CPU
		{5E7E41D2-C7D2-4AA3-9EBC-BA9D764514A4}.Release|Any CPU.ActiveCfg = Release|Any CPU
		{5E7E41D2-C7D2-4AA3-9EBC-BA9D764514A4}.Release|Any CPU.Build.0 = Release|Any CPU
		{5E7E41D2-C7D2-4AA3-9EBC-BA9D764514A4}.Release|Mixed Platforms.ActiveCfg = Release|Any CPU
		{5E7E41D2-C7D2-4AA3-9EBC-BA9D764514A4}.Release|Mixed Platforms.Build.0 = Release|Any CPU
		{5E7E41D2-C7D2-4AA3-9EBC-BA9D764514A4}.Release|x86.ActiveCfg = Release|Any CPU
		{10404ECA-C127-4887-AE59-A01484DB2A09}.Debug|Any CPU.ActiveCfg = Debug|Any CPU
		{10404ECA-C127-4887-AE59-A01484DB2A09}.Debug|Any CPU.Build.0 = Debug|Any CPU
		{10404ECA-C127-4887-AE59-A01484DB2A09}.Debug|Mixed Platforms.ActiveCfg = Debug|Any CPU
		{10404ECA-C127-4887-AE59-A01484DB2A09}.Debug|Mixed Platforms.Build.0 = Debug|Any CPU
		{10404ECA-C127-4887-AE59-A01484DB2A09}.Debug|x86.ActiveCfg = Debug|Any CPU
		{10404ECA-C127-4887-AE59-A01484DB2A09}.Release|Any CPU.ActiveCfg = Release|Any CPU
		{10404ECA-C127-4887-AE59-A01484DB2A09}.Release|Any CPU.Build.0 = Release|Any CPU
		{10404ECA-C127-4887-AE59-A01484DB2A09}.Release|Mixed Platforms.ActiveCfg = Release|Any CPU
		{10404ECA-C127-4887-AE59-A01484DB2A09}.Release|Mixed Platforms.Build.0 = Release|Any CPU
		{10404ECA-C127-4887-AE59-A01484DB2A09}.Release|x86.ActiveCfg = Release|Any CPU
		{381C79C9-E911-438A-BB98-50C37494756B}.Debug|Any CPU.ActiveCfg = Debug|Any CPU
		{381C79C9-E911-438A-BB98-50C37494756B}.Debug|Any CPU.Build.0 = Debug|Any CPU
		{381C79C9-E911-438A-BB98-50C37494756B}.Debug|Mixed Platforms.ActiveCfg = Debug|Any CPU
		{381C79C9-E911-438A-BB98-50C37494756B}.Debug|Mixed Platforms.Build.0 = Debug|Any CPU
		{381C79C9-E911-438A-BB98-50C37494756B}.Debug|x86.ActiveCfg = Debug|Any CPU
		{381C79C9-E911-438A-BB98-50C37494756B}.Release|Any CPU.ActiveCfg = Release|Any CPU
		{381C79C9-E911-438A-BB98-50C37494756B}.Release|Any CPU.Build.0 = Release|Any CPU
		{381C79C9-E911-438A-BB98-50C37494756B}.Release|Mixed Platforms.ActiveCfg = Release|Any CPU
		{381C79C9-E911-438A-BB98-50C37494756B}.Release|Mixed Platforms.Build.0 = Release|Any CPU
		{381C79C9-E911-438A-BB98-50C37494756B}.Release|x86.ActiveCfg = Release|Any CPU
		{C1753644-73EF-4597-B9CE-CA152374E8BB}.Debug|Any CPU.ActiveCfg = Debug|Any CPU
		{C1753644-73EF-4597-B9CE-CA152374E8BB}.Debug|Any CPU.Build.0 = Debug|Any CPU
		{C1753644-73EF-4597-B9CE-CA152374E8BB}.Debug|Mixed Platforms.ActiveCfg = Debug|Any CPU
		{C1753644-73EF-4597-B9CE-CA152374E8BB}.Debug|Mixed Platforms.Build.0 = Debug|Any CPU
		{C1753644-73EF-4597-B9CE-CA152374E8BB}.Debug|x86.ActiveCfg = Debug|Any CPU
		{C1753644-73EF-4597-B9CE-CA152374E8BB}.Release|Any CPU.ActiveCfg = Release|Any CPU
		{C1753644-73EF-4597-B9CE-CA152374E8BB}.Release|Any CPU.Build.0 = Release|Any CPU
		{C1753644-73EF-4597-B9CE-CA152374E8BB}.Release|Mixed Platforms.ActiveCfg = Release|Any CPU
		{C1753644-73EF-4597-B9CE-CA152374E8BB}.Release|Mixed Platforms.Build.0 = Release|Any CPU
		{C1753644-73EF-4597-B9CE-CA152374E8BB}.Release|x86.ActiveCfg = Release|Any CPU
		{15D87068-0025-46E7-A1FE-981225D02054}.Debug|Any CPU.ActiveCfg = Debug|Any CPU
		{15D87068-0025-46E7-A1FE-981225D02054}.Debug|Any CPU.Build.0 = Debug|Any CPU
		{15D87068-0025-46E7-A1FE-981225D02054}.Debug|Mixed Platforms.ActiveCfg = Debug|Any CPU
		{15D87068-0025-46E7-A1FE-981225D02054}.Debug|Mixed Platforms.Build.0 = Debug|Any CPU
		{15D87068-0025-46E7-A1FE-981225D02054}.Debug|x86.ActiveCfg = Debug|Any CPU
		{15D87068-0025-46E7-A1FE-981225D02054}.Release|Any CPU.ActiveCfg = Release|Any CPU
		{15D87068-0025-46E7-A1FE-981225D02054}.Release|Any CPU.Build.0 = Release|Any CPU
		{15D87068-0025-46E7-A1FE-981225D02054}.Release|Mixed Platforms.ActiveCfg = Release|Any CPU
		{15D87068-0025-46E7-A1FE-981225D02054}.Release|Mixed Platforms.Build.0 = Release|Any CPU
		{15D87068-0025-46E7-A1FE-981225D02054}.Release|x86.ActiveCfg = Release|Any CPU
		{0527903D-36B4-46D3-A99F-2D3B48D4939F}.Debug|Any CPU.ActiveCfg = Debug|Any CPU
		{0527903D-36B4-46D3-A99F-2D3B48D4939F}.Debug|Any CPU.Build.0 = Debug|Any CPU
		{0527903D-36B4-46D3-A99F-2D3B48D4939F}.Debug|Mixed Platforms.ActiveCfg = Debug|Any CPU
		{0527903D-36B4-46D3-A99F-2D3B48D4939F}.Debug|Mixed Platforms.Build.0 = Debug|Any CPU
		{0527903D-36B4-46D3-A99F-2D3B48D4939F}.Debug|x86.ActiveCfg = Debug|Any CPU
		{0527903D-36B4-46D3-A99F-2D3B48D4939F}.Release|Any CPU.ActiveCfg = Release|Any CPU
		{0527903D-36B4-46D3-A99F-2D3B48D4939F}.Release|Any CPU.Build.0 = Release|Any CPU
		{0527903D-36B4-46D3-A99F-2D3B48D4939F}.Release|Mixed Platforms.ActiveCfg = Release|Any CPU
		{0527903D-36B4-46D3-A99F-2D3B48D4939F}.Release|Mixed Platforms.Build.0 = Release|Any CPU
		{0527903D-36B4-46D3-A99F-2D3B48D4939F}.Release|x86.ActiveCfg = Release|Any CPU
		{DE86C769-F09E-49C4-A61C-F9D93B262B29}.Debug|Any CPU.ActiveCfg = Debug|Any CPU
		{DE86C769-F09E-49C4-A61C-F9D93B262B29}.Debug|Any CPU.Build.0 = Debug|Any CPU
		{DE86C769-F09E-49C4-A61C-F9D93B262B29}.Debug|Mixed Platforms.ActiveCfg = Debug|Any CPU
		{DE86C769-F09E-49C4-A61C-F9D93B262B29}.Debug|Mixed Platforms.Build.0 = Debug|Any CPU
		{DE86C769-F09E-49C4-A61C-F9D93B262B29}.Debug|x86.ActiveCfg = Debug|Any CPU
		{DE86C769-F09E-49C4-A61C-F9D93B262B29}.Release|Any CPU.ActiveCfg = Release|Any CPU
		{DE86C769-F09E-49C4-A61C-F9D93B262B29}.Release|Any CPU.Build.0 = Release|Any CPU
		{DE86C769-F09E-49C4-A61C-F9D93B262B29}.Release|Mixed Platforms.ActiveCfg = Release|Any CPU
		{DE86C769-F09E-49C4-A61C-F9D93B262B29}.Release|Mixed Platforms.Build.0 = Release|Any CPU
		{DE86C769-F09E-49C4-A61C-F9D93B262B29}.Release|x86.ActiveCfg = Release|Any CPU
	EndGlobalSection
	GlobalSection(SolutionProperties) = preSolution
		HideSolutionNode = FALSE
	EndGlobalSection
	GlobalSection(NestedProjects) = preSolution
		{45279BAF-5FAE-400B-8C51-DA673FCF4F45} = {F9699EB2-2AE6-4709-8344-031E433C570D}
		{69BB0024-D4F5-4EA8-B30A-E6FD9FEA461B} = {F9699EB2-2AE6-4709-8344-031E433C570D}
		{CEED648B-A043-437D-A253-5DC27E225BBA} = {F9699EB2-2AE6-4709-8344-031E433C570D}
		{F1D091CC-A09D-41F3-82D2-54478BF768A3} = {F9699EB2-2AE6-4709-8344-031E433C570D}
		{4E345595-8FA6-4AF0-AD6D-1BA942710E4E} = {F9699EB2-2AE6-4709-8344-031E433C570D}
		{2415923F-6962-4B4E-B007-F71FE307A6E3} = {F9699EB2-2AE6-4709-8344-031E433C570D}
		{EF786277-8655-40AD-B992-DFC8986E6E73} = {F9699EB2-2AE6-4709-8344-031E433C570D}
		{348DAA48-880A-4DFA-8934-03C51E2E79CC} = {F9699EB2-2AE6-4709-8344-031E433C570D}
		{6A8E4016-E809-4BBF-9DA6-43604ACAD6ED} = {F9699EB2-2AE6-4709-8344-031E433C570D}
		{15FFC96E-F2E2-44FF-9B17-846CE0DED794} = {F9699EB2-2AE6-4709-8344-031E433C570D}
		{AF54585C-7012-4D04-8456-3AE4152824AB} = {F9699EB2-2AE6-4709-8344-031E433C570D}
		{C960DC55-AD00-49D6-A99E-5B7F66393645} = {F9699EB2-2AE6-4709-8344-031E433C570D}
		{0EA68FA9-AB2C-4EC5-84B6-DF25B1BA2ED6} = {F9699EB2-2AE6-4709-8344-031E433C570D}
		{E799B704-D881-4A81-B7DB-72E20209882F} = {F9699EB2-2AE6-4709-8344-031E433C570D}
		{35821749-FA0A-4022-A27E-2EFBE4E3ADF0} = {AF54585C-7012-4D04-8456-3AE4152824AB}
		{36E71688-E11C-4614-BD45-B80D458CDD39} = {AF54585C-7012-4D04-8456-3AE4152824AB}
		{10932C2A-C57F-4CE0-BFC2-4CBB64C8F987} = {D495C3AF-87CF-4B47-B9A8-3B0054EEA564}
		{CCAA90E2-CCB9-497D-B619-6C273AB015FD} = {D495C3AF-87CF-4B47-B9A8-3B0054EEA564}
		{F4AB8BD4-5BC9-4FEE-A578-2E6A8C5CD0E9} = {D495C3AF-87CF-4B47-B9A8-3B0054EEA564}
		{E016BB55-B474-41C8-8EC6-0D0F28CE4F88} = {D495C3AF-87CF-4B47-B9A8-3B0054EEA564}
		{5E7E41D2-C7D2-4AA3-9EBC-BA9D764514A4} = {D495C3AF-87CF-4B47-B9A8-3B0054EEA564}
		{10404ECA-C127-4887-AE59-A01484DB2A09} = {D495C3AF-87CF-4B47-B9A8-3B0054EEA564}
		{381C79C9-E911-438A-BB98-50C37494756B} = {D495C3AF-87CF-4B47-B9A8-3B0054EEA564}
		{C1753644-73EF-4597-B9CE-CA152374E8BB} = {D495C3AF-87CF-4B47-B9A8-3B0054EEA564}
		{15D87068-0025-46E7-A1FE-981225D02054} = {D495C3AF-87CF-4B47-B9A8-3B0054EEA564}
		{0527903D-36B4-46D3-A99F-2D3B48D4939F} = {D495C3AF-87CF-4B47-B9A8-3B0054EEA564}
		{DE86C769-F09E-49C4-A61C-F9D93B262B29} = {D495C3AF-87CF-4B47-B9A8-3B0054EEA564}
	EndGlobalSection
EndGlobal
